
Microsoft Visual Studio Solution File, Format Version 12.00
# Visual Studio 14
VisualStudioVersion = 14.0.25420.1
MinimumVisualStudioVersion = 10.0.40219.1
Project("{FAE04EC0-301F-11D3-BF4B-00C04F79EFBC}") = "TaidouServer", "TaidouServer\TaidouServer.csproj", "{2D743EC4-8863-4F65-A548-3DB538534EF6}"
EndProject
Project("{FAE04EC0-301F-11D3-BF4B-00C04F79EFBC}") = "TaidouCommon", "TaidouCommon\TaidouCommon.csproj", "{BDD9F9D3-7AE5-4DF1-804C-C4A2DC98ADB8}"
EndProject
Global
	GlobalSection(SolutionConfigurationPlatforms) = preSolution
		Debug|Any CPU = Debug|Any CPU
		Release|Any CPU = Release|Any CPU
	EndGlobalSection
	GlobalSection(ProjectConfigurationPlatforms) = postSolution
		{2D743EC4-8863-4F65-A548-3DB538534EF6}.Debug|Any CPU.ActiveCfg = Debug|Any CPU
		{2D743EC4-8863-4F65-A548-3DB538534EF6}.Debug|Any CPU.Build.0 = Debug|Any CPU
		{2D743EC4-8863-4F65-A548-3DB538534EF6}.Release|Any CPU.ActiveCfg = Release|Any CPU
		{2D743EC4-8863-4F65-A548-3DB538534EF6}.Release|Any CPU.Build.0 = Release|Any CPU
		{BDD9F9D3-7AE5-4DF1-804C-C4A2DC98ADB8}.Debug|Any CPU.ActiveCfg = Debug|Any CPU
		{BDD9F9D3-7AE5-4DF1-804C-C4A2DC98ADB8}.Debug|Any CPU.Build.0 = Debug|Any CPU
		{BDD9F9D3-7AE5-4DF1-804C-C4A2DC98ADB8}.Release|Any CPU.ActiveCfg = Release|Any CPU
		{BDD9F9D3-7AE5-4DF1-804C-C4A2DC98ADB8}.Release|Any CPU.Build.0 = Release|Any CPU
	EndGlobalSection
	GlobalSection(SolutionProperties) = preSolution
		HideSolutionNode = FALSE
	EndGlobalSection
EndGlobal
